
Microsoft Visual Studio Solution File, Format Version 12.00
# Visual Studio Version 17
VisualStudioVersion = 17.5.33502.453
MinimumVisualStudioVersion = 10.0.40219.1
Project("{FAE04EC0-301F-11D3-BF4B-00C04F79EFBC}") = "AngularApp", "AngularApp\AngularApp.csproj", "{9191ECE7-A155-4A09-875B-2BC10C55353D}"
EndProject
Global
	GlobalSection(SolutionConfigurationPlatforms) = preSolution
		Debug|Any CPU = Debug|Any CPU
		Release|Any CPU = Release|Any CPU
	EndGlobalSection
	GlobalSection(ProjectConfigurationPlatforms) = postSolution
		{9191ECE7-A155-4A09-875B-2BC10C55353D}.Debug|Any CPU.ActiveCfg = Debug|Any CPU
		{9191ECE7-A155-4A09-875B-2BC10C55353D}.Debug|Any CPU.Build.0 = Debug|Any CPU
		{9191ECE7-A155-4A09-875B-2BC10C55353D}.Release|Any CPU.ActiveCfg = Release|Any CPU
		{9191ECE7-A155-4A09-875B-2BC10C55353D}.Release|Any CPU.Build.0 = Release|Any CPU
	EndGlobalSection
	GlobalSection(SolutionProperties) = preSolution
		HideSolutionNode = FALSE
	EndGlobalSection
	GlobalSection(ExtensibilityGlobals) = postSolution
		SolutionGuid = {DF309B90-CC47-4584-8402-839FACA51D29}
	EndGlobalSection
EndGlobal
